
Microsoft Visual Studio Solution File, Format Version 12.00
# Visual Studio 15
VisualStudioVersion = 15.0.28010.2003
MinimumVisualStudioVersion = 10.0.40219.1
Project("{FAE04EC0-301F-11D3-BF4B-00C04F79EFBC}") = "RegisterEngineV2", "RegisterEngineV2\RegisterEngineV2.csproj", "{B6F7D802-3720-48DE-B49C-52DA1045C9E2}"
EndProject
Project("{FAE04EC0-301F-11D3-BF4B-00C04F79EFBC}") = "Common", "Common\Common.csproj", "{4C874572-313A-4301-B86F-30AD4B269C9A}"
EndProject
Project("{FAE04EC0-301F-11D3-BF4B-00C04F79EFBC}") = "RegisterEngineV2Tests", "RegisterEngineV2Tests\RegisterEngineV2Tests.csproj", "{265BDEB0-CCEC-4DCA-8FB6-83ACDF02F470}"
EndProject
Project("{FAE04EC0-301F-11D3-BF4B-00C04F79EFBC}") = "RegisterUI", "RegisterUI\RegisterUI.csproj", "{02F635FE-C7A7-4360-B599-561C17D14BC3}"
EndProject
Global
	GlobalSection(SolutionConfigurationPlatforms) = preSolution
		Debug|Any CPU = Debug|Any CPU
		Release|Any CPU = Release|Any CPU
	EndGlobalSection
	GlobalSection(ProjectConfigurationPlatforms) = postSolution
		{B6F7D802-3720-48DE-B49C-52DA1045C9E2}.Debug|Any CPU.ActiveCfg = Debug|Any CPU
		{B6F7D802-3720-48DE-B49C-52DA1045C9E2}.Debug|Any CPU.Build.0 = Debug|Any CPU
		{B6F7D802-3720-48DE-B49C-52DA1045C9E2}.Release|Any CPU.ActiveCfg = Release|Any CPU
		{B6F7D802-3720-48DE-B49C-52DA1045C9E2}.Release|Any CPU.Build.0 = Release|Any CPU
		{4C874572-313A-4301-B86F-30AD4B269C9A}.Debug|Any CPU.ActiveCfg = Debug|Any CPU
		{4C874572-313A-4301-B86F-30AD4B269C9A}.Debug|Any CPU.Build.0 = Debug|Any CPU
		{4C874572-313A-4301-B86F-30AD4B269C9A}.Release|Any CPU.ActiveCfg = Release|Any CPU
		{4C874572-313A-4301-B86F-30AD4B269C9A}.Release|Any CPU.Build.0 = Release|Any CPU
		{265BDEB0-CCEC-4DCA-8FB6-83ACDF02F470}.Debug|Any CPU.ActiveCfg = Debug|Any CPU
		{265BDEB0-CCEC-4DCA-8FB6-83ACDF02F470}.Debug|Any CPU.Build.0 = Debug|Any CPU
		{265BDEB0-CCEC-4DCA-8FB6-83ACDF02F470}.Release|Any CPU.ActiveCfg = Release|Any CPU
		{265BDEB0-CCEC-4DCA-8FB6-83ACDF02F470}.Release|Any CPU.Build.0 = Release|Any CPU
		{02F635FE-C7A7-4360-B599-561C17D14BC3}.Debug|Any CPU.ActiveCfg = Debug|Any CPU
		{02F635FE-C7A7-4360-B599-561C17D14BC3}.Debug|Any CPU.Build.0 = Debug|Any CPU
		{02F635FE-C7A7-4360-B599-561C17D14BC3}.Release|Any CPU.ActiveCfg = Release|Any CPU
		{02F635FE-C7A7-4360-B599-561C17D14BC3}.Release|Any CPU.Build.0 = Release|Any CPU
	EndGlobalSection
	GlobalSection(SolutionProperties) = preSolution
		HideSolutionNode = FALSE
	EndGlobalSection
	GlobalSection(ExtensibilityGlobals) = postSolution
		SolutionGuid = {77CDCE4B-EFF4-4C36-9779-BAE7BF29DD5B}
	EndGlobalSection
EndGlobal
